# THIS IS AN AUTOGENERATED FILE. DO NOT EDIT THIS FILE DIRECTLY.
# yarn lockfile v1


adm-zip@^0.4.7:
  version "0.4.7"
  resolved "https://registry.yarnpkg.com/adm-zip/-/adm-zip-0.4.7.tgz#8606c2cbf1c426ce8c8ec00174447fd49b6eafc1"

ansi-regex@^2.0.0:
  version "2.1.1"
  resolved "https://registry.yarnpkg.com/ansi-regex/-/ansi-regex-2.1.1.tgz#c3b33ab5ee360d86e0e628f0468ae7ef27d654df"

aproba@^1.0.3:
  version "1.1.1"
  resolved "https://registry.yarnpkg.com/aproba/-/aproba-1.1.1.tgz#95d3600f07710aa0e9298c726ad5ecf2eacbabab"

are-we-there-yet@~1.1.2:
  version "1.1.4"
  resolved "https://registry.yarnpkg.com/are-we-there-yet/-/are-we-there-yet-1.1.4.tgz#bb5dca382bb94f05e15194373d16fd3ba1ca110d"
  dependencies:
    delegates "^1.0.0"
    readable-stream "^2.0.6"

async@^1.5.2:
  version "1.5.2"
  resolved "https://registry.yarnpkg.com/async/-/async-1.5.2.tgz#ec6a61ae56480c0c3cb241c95618e20892f9672a"

axios@^0.15.3:
  version "0.15.3"
  resolved "https://registry.yarnpkg.com/axios/-/axios-0.15.3.tgz#2c9d638b2e191a08ea1d6cc988eadd6ba5bdc053"
  dependencies:
    follow-redirects "1.0.0"

balanced-match@^0.4.1:
  version "0.4.2"
  resolved "https://registry.yarnpkg.com/balanced-match/-/balanced-match-0.4.2.tgz#cb3f3e3c732dc0f01ee70b403f302e61d7709838"

brace-expansion@^1.0.0:
  version "1.1.7"
  resolved "https://registry.yarnpkg.com/brace-expansion/-/brace-expansion-1.1.7.tgz#3effc3c50e000531fb720eaff80f0ae8ef23cf59"
  dependencies:
    balanced-match "^0.4.1"
    concat-map "0.0.1"

buffer-shims@~1.0.0:
  version "1.0.0"
  resolved "https://registry.yarnpkg.com/buffer-shims/-/buffer-shims-1.0.0.tgz#9978ce317388c649ad8793028c3477ef044a8b51"

builtin-modules@^1.0.0:
  version "1.1.1"
  resolved "https://registry.yarnpkg.com/builtin-modules/-/builtin-modules-1.1.1.tgz#270f076c5a72c02f5b65a47df94c5fe3a278892f"

camelcase@^3.0.0:
  version "3.0.0"
  resolved "https://registry.yarnpkg.com/camelcase/-/camelcase-3.0.0.tgz#32fc4b9fcdaf845fcdf7e73bb97cac2261f0ab0a"

chromedriver@^2.26.1:
  version "2.29.0"
  resolved "https://registry.yarnpkg.com/chromedriver/-/chromedriver-2.29.0.tgz#e3fd8b3c08dce2562b80ef1b0b846597659d0cc3"
  dependencies:
    adm-zip "^0.4.7"
    kew "^0.7.0"
    mkdirp "^0.5.1"
    rimraf "^2.5.4"

cliui@^3.2.0:
  version "3.2.0"
  resolved "https://registry.yarnpkg.com/cliui/-/cliui-3.2.0.tgz#120601537a916d29940f934da3b48d585a39213d"
  dependencies:
    string-width "^1.0.1"
    strip-ansi "^3.0.1"
    wrap-ansi "^2.0.0"

code-point-at@^1.0.0:
  version "1.1.0"
  resolved "https://registry.yarnpkg.com/code-point-at/-/code-point-at-1.1.0.tgz#0d070b4d043a5bea33a2f1a40e2edb3d9a4ccf77"

concat-map@0.0.1:
  version "0.0.1"
  resolved "https://registry.yarnpkg.com/concat-map/-/concat-map-0.0.1.tgz#d8a96bd77fd68df7793a73036a3ba0d5405d477b"

console-control-strings@^1.0.0, console-control-strings@~1.1.0:
  version "1.1.0"
  resolved "https://registry.yarnpkg.com/console-control-strings/-/console-control-strings-1.1.0.tgz#3d7cf4464db6446ea644bf4b39507f9851008e8e"

core-util-is@~1.0.0:
  version "1.0.2"
  resolved "https://registry.yarnpkg.com/core-util-is/-/core-util-is-1.0.2.tgz#b5fd54220aa2bc5ab57aab7140c940754503c1a7"

debug@^2.2.0, debug@^2.6.3:
  version "2.6.3"
  resolved "https://registry.yarnpkg.com/debug/-/debug-2.6.3.tgz#0f7eb8c30965ec08c72accfa0130c8b79984141d"
  dependencies:
    ms "0.7.2"

decamelize@^1.1.1:
  version "1.2.0"
  resolved "https://registry.yarnpkg.com/decamelize/-/decamelize-1.2.0.tgz#f6534d15148269b20352e7bee26f501f9a191290"

delegates@^1.0.0:
  version "1.0.0"
  resolved "https://registry.yarnpkg.com/delegates/-/delegates-1.0.0.tgz#84c6e159b81904fdca59a0ef44cd870d31250f9a"

error-ex@^1.2.0:
  version "1.3.1"
  resolved "https://registry.yarnpkg.com/error-ex/-/error-ex-1.3.1.tgz#f855a86ce61adc4e8621c3cda21e7a7612c3a8dc"
  dependencies:
    is-arrayish "^0.2.1"

eventsource@^0.2.2:
  version "0.2.2"
  resolved "https://registry.yarnpkg.com/eventsource/-/eventsource-0.2.2.tgz#8ac0576cbd16ee83478b3faaf27bdc7b7c8fcca9"
  dependencies:
    original "^1.0.0"

exit-hook@^1.1.1:
  version "1.1.1"
  resolved "https://registry.yarnpkg.com/exit-hook/-/exit-hook-1.1.1.tgz#f05ca233b48c05d54fff07765df8507e95c02ff8"

find-up@^1.0.0:
  version "1.1.2"
  resolved "https://registry.yarnpkg.com/find-up/-/find-up-1.1.2.tgz#6b2e9822b1a2ce0a60ab64d610eccad53cb24d0f"
  dependencies:
    path-exists "^2.0.0"
    pinkie-promise "^2.0.0"

follow-redirects@1.0.0:
  version "1.0.0"
  resolved "https://registry.yarnpkg.com/follow-redirects/-/follow-redirects-1.0.0.tgz#8e34298cbd2e176f254effec75a1c78cc849fd37"
  dependencies:
    debug "^2.2.0"

fs.realpath@^1.0.0:
  version "1.0.0"
  resolved "https://registry.yarnpkg.com/fs.realpath/-/fs.realpath-1.0.0.tgz#1504ad2523158caa40db4a2787cb01411994ea4f"

gauge@~2.7.1:
  version "2.7.4"
  resolved "https://registry.yarnpkg.com/gauge/-/gauge-2.7.4.tgz#2c03405c7538c39d7eb37b317022e325fb018bf7"
  dependencies:
    aproba "^1.0.3"
    console-control-strings "^1.0.0"
    has-unicode "^2.0.0"
    object-assign "^4.1.0"
    signal-exit "^3.0.0"
    string-width "^1.0.1"
    strip-ansi "^3.0.1"
    wide-align "^1.1.0"

get-caller-file@^1.0.1:
  version "1.0.2"
  resolved "https://registry.yarnpkg.com/get-caller-file/-/get-caller-file-1.0.2.tgz#f702e63127e7e231c160a80c1554acb70d5047e5"

glob@^7.0.5:
  version "7.1.1"
  resolved "https://registry.yarnpkg.com/glob/-/glob-7.1.1.tgz#805211df04faaf1c63a3600306cdf5ade50b2ec8"
  dependencies:
    fs.realpath "^1.0.0"
    inflight "^1.0.4"
    inherits "2"
    minimatch "^3.0.2"
    once "^1.3.0"
    path-is-absolute "^1.0.0"

graceful-fs@^4.1.2:
  version "4.1.11"
  resolved "https://registry.yarnpkg.com/graceful-fs/-/graceful-fs-4.1.11.tgz#0e8bdfe4d1ddb8854d64e04ea7c00e2a026e5658"

has-unicode@^2.0.0:
  version "2.0.1"
  resolved "https://registry.yarnpkg.com/has-unicode/-/has-unicode-2.0.1.tgz#e0e6fe6a28cf51138855e086d1691e771de2a8b9"

hosted-git-info@^2.1.4:
  version "2.4.2"
  resolved "https://registry.yarnpkg.com/hosted-git-info/-/hosted-git-info-2.4.2.tgz#0076b9f46a270506ddbaaea56496897460612a67"

inflight@^1.0.4:
  version "1.0.6"
  resolved "https://registry.yarnpkg.com/inflight/-/inflight-1.0.6.tgz#49bd6331d7d02d0c09bc910a1075ba8165b56df9"
  dependencies:
    once "^1.3.0"
    wrappy "1"

inherits@2, inherits@~2.0.1:
  version "2.0.3"
  resolved "https://registry.yarnpkg.com/inherits/-/inherits-2.0.3.tgz#633c2c83e3da42a502f52466022480f4208261de"

inspect-process@^0.4.2:
  version "0.4.2"
  resolved "https://registry.yarnpkg.com/inspect-process/-/inspect-process-0.4.2.tgz#26826a77137ae58f14440513f14d14667978d85b"
  dependencies:
    chromedriver "^2.26.1"
    exit-hook "^1.1.1"
    lodash "^4.17.2"
    nodeflags "^0.0.1"
    npmlog "^4.0.2"
    portfinder "^1.0.10"
    selenium-webdriver "^3.0.1"
    which "^1.2.12"
    yargs "^6.5.0"

invert-kv@^1.0.0:
  version "1.0.0"
  resolved "https://registry.yarnpkg.com/invert-kv/-/invert-kv-1.0.0.tgz#104a8e4aaca6d3d8cd157a8ef8bfab2d7a3ffdb6"

is-arrayish@^0.2.1:
  version "0.2.1"
  resolved "https://registry.yarnpkg.com/is-arrayish/-/is-arrayish-0.2.1.tgz#77c99840527aa8ecb1a8ba697b80645a7a926a9d"

is-builtin-module@^1.0.0:
  version "1.0.0"
  resolved "https://registry.yarnpkg.com/is-builtin-module/-/is-builtin-module-1.0.0.tgz#540572d34f7ac3119f8f76c30cbc1b1e037affbe"
  dependencies:
    builtin-modules "^1.0.0"

is-fullwidth-code-point@^1.0.0:
  version "1.0.0"
  resolved "https://registry.yarnpkg.com/is-fullwidth-code-point/-/is-fullwidth-code-point-1.0.0.tgz#ef9e31386f031a7f0d643af82fde50c457ef00cb"
  dependencies:
    number-is-nan "^1.0.0"

is-string@^1.0.4:
  version "1.0.4"
  resolved "https://registry.yarnpkg.com/is-string/-/is-string-1.0.4.tgz#cc3a9b69857d621e963725a24caeec873b826e64"

is-utf8@^0.2.0:
  version "0.2.1"
  resolved "https://registry.yarnpkg.com/is-utf8/-/is-utf8-0.2.1.tgz#4b0da1442104d1b336340e80797e865cf39f7d72"

isarray@~1.0.0:
  version "1.0.0"
  resolved "https://registry.yarnpkg.com/isarray/-/isarray-1.0.0.tgz#bb935d48582cba168c06834957a54a3e07124f11"

isexe@^2.0.0:
  version "2.0.0"
  resolved "https://registry.yarnpkg.com/isexe/-/isexe-2.0.0.tgz#e8fbf374dc556ff8947a10dcb0572d633f2cfa10"

kew@^0.7.0:
  version "0.7.0"
  resolved "https://registry.yarnpkg.com/kew/-/kew-0.7.0.tgz#79d93d2d33363d6fdd2970b335d9141ad591d79b"

lcid@^1.0.0:
  version "1.0.0"
  resolved "https://registry.yarnpkg.com/lcid/-/lcid-1.0.0.tgz#308accafa0bc483a3867b4b6f2b9506251d1b835"
  dependencies:
    invert-kv "^1.0.0"

load-json-file@^1.0.0:
  version "1.1.0"
  resolved "https://registry.yarnpkg.com/load-json-file/-/load-json-file-1.1.0.tgz#956905708d58b4bab4c2261b04f59f31c99374c0"
  dependencies:
    graceful-fs "^4.1.2"
    parse-json "^2.2.0"
    pify "^2.0.0"
    pinkie-promise "^2.0.0"
    strip-bom "^2.0.0"

lodash@^4.0.0, lodash@^4.17.2, lodash@^4.17.3:
  version "4.17.4"
  resolved "https://registry.yarnpkg.com/lodash/-/lodash-4.17.4.tgz#78203a4d1c328ae1d86dca6460e369b57f4055ae"

minimatch@^3.0.2:
  version "3.0.3"
  resolved "https://registry.yarnpkg.com/minimatch/-/minimatch-3.0.3.tgz#2a4e4090b96b2db06a9d7df01055a62a77c9b774"
  dependencies:
    brace-expansion "^1.0.0"

minimist@0.0.8:
  version "0.0.8"
  resolved "https://registry.yarnpkg.com/minimist/-/minimist-0.0.8.tgz#857fcabfc3397d2625b8228262e86aa7a011b05d"

mkdirp@0.5.x, mkdirp@^0.5.1:
  version "0.5.1"
  resolved "https://registry.yarnpkg.com/mkdirp/-/mkdirp-0.5.1.tgz#30057438eac6cf7f8c4767f38648d6697d75c903"
  dependencies:
    minimist "0.0.8"

ms@0.7.2:
  version "0.7.2"
  resolved "https://registry.yarnpkg.com/ms/-/ms-0.7.2.tgz#ae25cf2512b3885a1d95d7f037868d8431124765"

node-home-assistant@0.0.3:
  version "0.0.3"
  resolved "https://registry.yarnpkg.com/node-home-assistant/-/node-home-assistant-0.0.3.tgz#f33afe2bd48203506b02ace1617ea540ae625448"
  dependencies:
    axios "^0.15.3"
    debug "^2.6.3"
    eventsource "^0.2.2"

nodeflags@^0.0.1:
  version "0.0.1"
  resolved "https://registry.yarnpkg.com/nodeflags/-/nodeflags-0.0.1.tgz#0e28cedaea9ebe265e97f92b79fb30898245fa17"
  dependencies:
    lodash "^4.17.3"
    semver "^5.3.0"
    v8flags "^2.0.11"

normalize-package-data@^2.3.2:
  version "2.3.8"
  resolved "https://registry.yarnpkg.com/normalize-package-data/-/normalize-package-data-2.3.8.tgz#d819eda2a9dedbd1ffa563ea4071d936782295bb"
  dependencies:
    hosted-git-info "^2.1.4"
    is-builtin-module "^1.0.0"
    semver "2 || 3 || 4 || 5"
    validate-npm-package-license "^3.0.1"

npmlog@^4.0.2:
  version "4.0.2"
  resolved "https://registry.yarnpkg.com/npmlog/-/npmlog-4.0.2.tgz#d03950e0e78ce1527ba26d2a7592e9348ac3e75f"
  dependencies:
    are-we-there-yet "~1.1.2"
    console-control-strings "~1.1.0"
    gauge "~2.7.1"
    set-blocking "~2.0.0"

number-is-nan@^1.0.0:
  version "1.0.1"
  resolved "https://registry.yarnpkg.com/number-is-nan/-/number-is-nan-1.0.1.tgz#097b602b53422a522c1afb8790318336941a011d"

object-assign@^4.1.0:
  version "4.1.1"
  resolved "https://registry.yarnpkg.com/object-assign/-/object-assign-4.1.1.tgz#2109adc7965887cfc05cbbd442cac8bfbb360863"

once@^1.3.0:
  version "1.4.0"
  resolved "https://registry.yarnpkg.com/once/-/once-1.4.0.tgz#583b1aa775961d4b113ac17d9c50baef9dd76bd1"
  dependencies:
    wrappy "1"

original@^1.0.0:
  version "1.0.0"
  resolved "https://registry.yarnpkg.com/original/-/original-1.0.0.tgz#9147f93fa1696d04be61e01bd50baeaca656bd3b"
  dependencies:
    url-parse "1.0.x"

os-locale@^1.4.0:
  version "1.4.0"
  resolved "https://registry.yarnpkg.com/os-locale/-/os-locale-1.4.0.tgz#20f9f17ae29ed345e8bde583b13d2009803c14d9"
  dependencies:
    lcid "^1.0.0"

os-tmpdir@~1.0.1:
  version "1.0.2"
  resolved "https://registry.yarnpkg.com/os-tmpdir/-/os-tmpdir-1.0.2.tgz#bbe67406c79aa85c5cfec766fe5734555dfa1274"

parse-json@^2.2.0:
  version "2.2.0"
  resolved "https://registry.yarnpkg.com/parse-json/-/parse-json-2.2.0.tgz#f480f40434ef80741f8469099f8dea18f55a4dc9"
  dependencies:
    error-ex "^1.2.0"

path-exists@^2.0.0:
  version "2.1.0"
  resolved "https://registry.yarnpkg.com/path-exists/-/path-exists-2.1.0.tgz#0feb6c64f0fc518d9a754dd5efb62c7022761f4b"
  dependencies:
    pinkie-promise "^2.0.0"

path-is-absolute@^1.0.0:
  version "1.0.1"
  resolved "https://registry.yarnpkg.com/path-is-absolute/-/path-is-absolute-1.0.1.tgz#174b9268735534ffbc7ace6bf53a5a9e1b5c5f5f"

path-type@^1.0.0:
  version "1.1.0"
  resolved "https://registry.yarnpkg.com/path-type/-/path-type-1.1.0.tgz#59c44f7ee491da704da415da5a4070ba4f8fe441"
  dependencies:
    graceful-fs "^4.1.2"
    pify "^2.0.0"
    pinkie-promise "^2.0.0"

pify@^2.0.0:
  version "2.3.0"
  resolved "https://registry.yarnpkg.com/pify/-/pify-2.3.0.tgz#ed141a6ac043a849ea588498e7dca8b15330e90c"

pinkie-promise@^2.0.0:
  version "2.0.1"
  resolved "https://registry.yarnpkg.com/pinkie-promise/-/pinkie-promise-2.0.1.tgz#2135d6dfa7a358c069ac9b178776288228450ffa"
  dependencies:
    pinkie "^2.0.0"

pinkie@^2.0.0:
  version "2.0.4"
  resolved "https://registry.yarnpkg.com/pinkie/-/pinkie-2.0.4.tgz#72556b80cfa0d48a974e80e77248e80ed4f7f870"

portfinder@^1.0.10:
  version "1.0.13"
  resolved "https://registry.yarnpkg.com/portfinder/-/portfinder-1.0.13.tgz#bb32ecd87c27104ae6ee44b5a3ccbf0ebb1aede9"
  dependencies:
    async "^1.5.2"
    debug "^2.2.0"
    mkdirp "0.5.x"

process-nextick-args@~1.0.6:
  version "1.0.7"
  resolved "https://registry.yarnpkg.com/process-nextick-args/-/process-nextick-args-1.0.7.tgz#150e20b756590ad3f91093f25a4f2ad8bff30ba3"

querystringify@0.0.x:
  version "0.0.4"
  resolved "https://registry.yarnpkg.com/querystringify/-/querystringify-0.0.4.tgz#0cf7f84f9463ff0ae51c4c4b142d95be37724d9c"

read-pkg-up@^1.0.1:
  version "1.0.1"
  resolved "https://registry.yarnpkg.com/read-pkg-up/-/read-pkg-up-1.0.1.tgz#9d63c13276c065918d57f002a57f40a1b643fb02"
  dependencies:
    find-up "^1.0.0"
    read-pkg "^1.0.0"

read-pkg@^1.0.0:
  version "1.1.0"
  resolved "https://registry.yarnpkg.com/read-pkg/-/read-pkg-1.1.0.tgz#f5ffaa5ecd29cb31c0474bca7d756b6bb29e3f28"
  dependencies:
    load-json-file "^1.0.0"
    normalize-package-data "^2.3.2"
    path-type "^1.0.0"

readable-stream@^2.0.6:
  version "2.2.9"
  resolved "https://registry.yarnpkg.com/readable-stream/-/readable-stream-2.2.9.tgz#cf78ec6f4a6d1eb43d26488cac97f042e74b7fc8"
  dependencies:
    buffer-shims "~1.0.0"
    core-util-is "~1.0.0"
    inherits "~2.0.1"
    isarray "~1.0.0"
    process-nextick-args "~1.0.6"
    string_decoder "~1.0.0"
    util-deprecate "~1.0.1"

require-directory@^2.1.1:
  version "2.1.1"
  resolved "https://registry.yarnpkg.com/require-directory/-/require-directory-2.1.1.tgz#8c64ad5fd30dab1c976e2344ffe7f792a6a6df42"

require-main-filename@^1.0.1:
  version "1.0.1"
  resolved "https://registry.yarnpkg.com/require-main-filename/-/require-main-filename-1.0.1.tgz#97f717b69d48784f5f526a6c5aa8ffdda055a4d1"

requires-port@1.0.x:
  version "1.0.0"
  resolved "https://registry.yarnpkg.com/requires-port/-/requires-port-1.0.0.tgz#925d2601d39ac485e091cf0da5c6e694dc3dcaff"

rimraf@^2.5.4:
  version "2.6.1"
  resolved "https://registry.yarnpkg.com/rimraf/-/rimraf-2.6.1.tgz#c2338ec643df7a1b7fe5c54fa86f57428a55f33d"
  dependencies:
    glob "^7.0.5"

sax@>=0.6.0:
  version "1.2.2"
  resolved "https://registry.yarnpkg.com/sax/-/sax-1.2.2.tgz#fd8631a23bc7826bef5d871bdb87378c95647828"

selenium-webdriver@^3.0.1:
  version "3.4.0"
  resolved "https://registry.yarnpkg.com/selenium-webdriver/-/selenium-webdriver-3.4.0.tgz#151f7445294da6a66c49cc300747a2a17e53c52a"
  dependencies:
    adm-zip "^0.4.7"
    rimraf "^2.5.4"
    tmp "0.0.30"
    xml2js "^0.4.17"

"semver@2 || 3 || 4 || 5", semver@^5.3.0:
  version "5.3.0"
  resolved "https://registry.yarnpkg.com/semver/-/semver-5.3.0.tgz#9b2ce5d3de02d17c6012ad326aa6b4d0cf54f94f"

set-blocking@^2.0.0, set-blocking@~2.0.0:
  version "2.0.0"
  resolved "https://registry.yarnpkg.com/set-blocking/-/set-blocking-2.0.0.tgz#045f9782d011ae9a6803ddd382b24392b3d890f7"

signal-exit@^3.0.0:
  version "3.0.2"
  resolved "https://registry.yarnpkg.com/signal-exit/-/signal-exit-3.0.2.tgz#b5fdc08f1287ea1178628e415e25132b73646c6d"

spdx-correct@~1.0.0:
  version "1.0.2"
  resolved "https://registry.yarnpkg.com/spdx-correct/-/spdx-correct-1.0.2.tgz#4b3073d933ff51f3912f03ac5519498a4150db40"
  dependencies:
    spdx-license-ids "^1.0.2"

spdx-expression-parse@~1.0.0:
  version "1.0.4"
  resolved "https://registry.yarnpkg.com/spdx-expression-parse/-/spdx-expression-parse-1.0.4.tgz#9bdf2f20e1f40ed447fbe273266191fced51626c"

spdx-license-ids@^1.0.2:
  version "1.2.2"
  resolved "https://registry.yarnpkg.com/spdx-license-ids/-/spdx-license-ids-1.2.2.tgz#c9df7a3424594ade6bd11900d596696dc06bac57"

string-width@^1.0.1, string-width@^1.0.2:
  version "1.0.2"
  resolved "https://registry.yarnpkg.com/string-width/-/string-width-1.0.2.tgz#118bdf5b8cdc51a2a7e70d211e07e2b0b9b107d3"
  dependencies:
    code-point-at "^1.0.0"
    is-fullwidth-code-point "^1.0.0"
    strip-ansi "^3.0.0"

string_decoder@~1.0.0:
  version "1.0.0"
  resolved "https://registry.yarnpkg.com/string_decoder/-/string_decoder-1.0.0.tgz#f06f41157b664d86069f84bdbdc9b0d8ab281667"
  dependencies:
    buffer-shims "~1.0.0"

strip-ansi@^3.0.0, strip-ansi@^3.0.1:
  version "3.0.1"
  resolved "https://registry.yarnpkg.com/strip-ansi/-/strip-ansi-3.0.1.tgz#6a385fb8853d952d5ff05d0e8aaf94278dc63dcf"
  dependencies:
    ansi-regex "^2.0.0"

strip-bom@^2.0.0:
  version "2.0.0"
  resolved "https://registry.yarnpkg.com/strip-bom/-/strip-bom-2.0.0.tgz#6219a85616520491f35788bdbf1447a99c7e6b0e"
  dependencies:
    is-utf8 "^0.2.0"

tmp@0.0.30:
  version "0.0.30"
  resolved "https://registry.yarnpkg.com/tmp/-/tmp-0.0.30.tgz#72419d4a8be7d6ce75148fd8b324e593a711c2ed"
  dependencies:
    os-tmpdir "~1.0.1"

url-parse@1.0.x:
  version "1.0.5"
  resolved "https://registry.yarnpkg.com/url-parse/-/url-parse-1.0.5.tgz#0854860422afdcfefeb6c965c662d4800169927b"
  dependencies:
    querystringify "0.0.x"
    requires-port "1.0.x"

user-home@^1.1.1:
  version "1.1.1"
  resolved "https://registry.yarnpkg.com/user-home/-/user-home-1.1.1.tgz#2b5be23a32b63a7c9deb8d0f28d485724a3df190"

util-deprecate@~1.0.1:
  version "1.0.2"
  resolved "https://registry.yarnpkg.com/util-deprecate/-/util-deprecate-1.0.2.tgz#450d4dc9fa70de732762fbd2d4a28981419a0ccf"

v8flags@^2.0.11:
  version "2.1.1"
  resolved "https://registry.yarnpkg.com/v8flags/-/v8flags-2.1.1.tgz#aab1a1fa30d45f88dd321148875ac02c0b55e5b4"
  dependencies:
    user-home "^1.1.1"

validate-npm-package-license@^3.0.1:
  version "3.0.1"
  resolved "https://registry.yarnpkg.com/validate-npm-package-license/-/validate-npm-package-license-3.0.1.tgz#2804babe712ad3379459acfbe24746ab2c303fbc"
  dependencies:
    spdx-correct "~1.0.0"
    spdx-expression-parse "~1.0.0"

which-module@^1.0.0:
  version "1.0.0"
  resolved "https://registry.yarnpkg.com/which-module/-/which-module-1.0.0.tgz#bba63ca861948994ff307736089e3b96026c2a4f"

which@^1.2.12:
  version "1.2.14"
  resolved "https://registry.yarnpkg.com/which/-/which-1.2.14.tgz#9a87c4378f03e827cecaf1acdf56c736c01c14e5"
  dependencies:
    isexe "^2.0.0"

wide-align@^1.1.0:
  version "1.1.0"
  resolved "https://registry.yarnpkg.com/wide-align/-/wide-align-1.1.0.tgz#40edde802a71fea1f070da3e62dcda2e7add96ad"
  dependencies:
    string-width "^1.0.1"

wrap-ansi@^2.0.0:
  version "2.1.0"
  resolved "https://registry.yarnpkg.com/wrap-ansi/-/wrap-ansi-2.1.0.tgz#d8fc3d284dd05794fe84973caecdd1cf824fdd85"
  dependencies:
    string-width "^1.0.1"
    strip-ansi "^3.0.1"

wrappy@1:
  version "1.0.2"
  resolved "https://registry.yarnpkg.com/wrappy/-/wrappy-1.0.2.tgz#b5243d8f3ec1aa35f1364605bc0d1036e30ab69f"

xml2js@^0.4.17:
  version "0.4.17"
  resolved "https://registry.yarnpkg.com/xml2js/-/xml2js-0.4.17.tgz#17be93eaae3f3b779359c795b419705a8817e868"
  dependencies:
    sax ">=0.6.0"
    xmlbuilder "^4.1.0"

xmlbuilder@^4.1.0:
  version "4.2.1"
  resolved "https://registry.yarnpkg.com/xmlbuilder/-/xmlbuilder-4.2.1.tgz#aa58a3041a066f90eaa16c2f5389ff19f3f461a5"
  dependencies:
    lodash "^4.0.0"

y18n@^3.2.1:
  version "3.2.1"
  resolved "https://registry.yarnpkg.com/y18n/-/y18n-3.2.1.tgz#6d15fba884c08679c0d77e88e7759e811e07fa41"

yargs-parser@^4.2.0:
  version "4.2.1"
  resolved "https://registry.yarnpkg.com/yargs-parser/-/yargs-parser-4.2.1.tgz#29cceac0dc4f03c6c87b4a9f217dd18c9f74871c"
  dependencies:
    camelcase "^3.0.0"

yargs@^6.5.0:
  version "6.6.0"
  resolved "https://registry.yarnpkg.com/yargs/-/yargs-6.6.0.tgz#782ec21ef403345f830a808ca3d513af56065208"
  dependencies:
    camelcase "^3.0.0"
    cliui "^3.2.0"
    decamelize "^1.1.1"
    get-caller-file "^1.0.1"
    os-locale "^1.4.0"
    read-pkg-up "^1.0.1"
    require-directory "^2.1.1"
    require-main-filename "^1.0.1"
    set-blocking "^2.0.0"
    string-width "^1.0.2"
    which-module "^1.0.0"
    y18n "^3.2.1"
    yargs-parser "^4.2.0"
