# THIS IS AN AUTOGENERATED FILE. DO NOT EDIT THIS FILE DIRECTLY.
# yarn lockfile v1


axios@^0.15.3:
  version "0.15.3"
  resolved "https://registry.yarnpkg.com/axios/-/axios-0.15.3.tgz#2c9d638b2e191a08ea1d6cc988eadd6ba5bdc053"
  dependencies:
    follow-redirects "1.0.0"

axios@^0.16.0:
  version "0.16.0"
  resolved "https://registry.yarnpkg.com/axios/-/axios-0.16.0.tgz#6ed9771d815f429e7510f2838262957c4953d3b6"
  dependencies:
    follow-redirects "1.0.0"

debug@^2.2.0, debug@^2.6.3:
  version "2.6.3"
  resolved "https://registry.yarnpkg.com/debug/-/debug-2.6.3.tgz#0f7eb8c30965ec08c72accfa0130c8b79984141d"
  dependencies:
    ms "0.7.2"

eventsource@^0.2.2:
  version "0.2.2"
  resolved "https://registry.yarnpkg.com/eventsource/-/eventsource-0.2.2.tgz#8ac0576cbd16ee83478b3faaf27bdc7b7c8fcca9"
  dependencies:
    original "^1.0.0"

follow-redirects@1.0.0:
  version "1.0.0"
  resolved "https://registry.yarnpkg.com/follow-redirects/-/follow-redirects-1.0.0.tgz#8e34298cbd2e176f254effec75a1c78cc849fd37"
  dependencies:
    debug "^2.2.0"

ms@0.7.2:
  version "0.7.2"
  resolved "https://registry.yarnpkg.com/ms/-/ms-0.7.2.tgz#ae25cf2512b3885a1d95d7f037868d8431124765"

node-home-assistant@^0.0.2:
  version "0.0.2"
  resolved "https://registry.yarnpkg.com/node-home-assistant/-/node-home-assistant-0.0.2.tgz#b7da535049dde137022fdf72d6fa6c5e499c9d56"
  dependencies:
    axios "^0.15.3"
    debug "^2.6.3"
    eventsource "^0.2.2"

original@^1.0.0:
  version "1.0.0"
  resolved "https://registry.yarnpkg.com/original/-/original-1.0.0.tgz#9147f93fa1696d04be61e01bd50baeaca656bd3b"
  dependencies:
    url-parse "1.0.x"

querystringify@0.0.x:
  version "0.0.4"
  resolved "https://registry.yarnpkg.com/querystringify/-/querystringify-0.0.4.tgz#0cf7f84f9463ff0ae51c4c4b142d95be37724d9c"

requires-port@1.0.x:
  version "1.0.0"
  resolved "https://registry.yarnpkg.com/requires-port/-/requires-port-1.0.0.tgz#925d2601d39ac485e091cf0da5c6e694dc3dcaff"

url-parse@1.0.x:
  version "1.0.5"
  resolved "https://registry.yarnpkg.com/url-parse/-/url-parse-1.0.5.tgz#0854860422afdcfefeb6c965c662d4800169927b"
  dependencies:
    querystringify "0.0.x"
    requires-port "1.0.x"
